
Microsoft Visual Studio Solution File, Format Version 12.00
# Visual Studio Version 17
VisualStudioVersion = 17.11.35222.181
MinimumVisualStudioVersion = 10.0.40219.1
Project("{FAE04EC0-301F-11D3-BF4B-00C04F79EFBC}") = "3M04KonstruktorKopiujacy", "3M04KonstruktorKopiujacy\3M04KonstruktorKopiujacy.csproj", "{916AFE49-094F-4681-9886-3ADA680D350F}"
EndProject
Global
	GlobalSection(SolutionConfigurationPlatforms) = preSolution
		Debug|Any CPU = Debug|Any CPU
		Release|Any CPU = Release|Any CPU
	EndGlobalSection
	GlobalSection(ProjectConfigurationPlatforms) = postSolution
		{916AFE49-094F-4681-9886-3ADA680D350F}.Debug|Any CPU.ActiveCfg = Debug|Any CPU
		{916AFE49-094F-4681-9886-3ADA680D350F}.Debug|Any CPU.Build.0 = Debug|Any CPU
		{916AFE49-094F-4681-9886-3ADA680D350F}.Release|Any CPU.ActiveCfg = Release|Any CPU
		{916AFE49-094F-4681-9886-3ADA680D350F}.Release|Any CPU.Build.0 = Release|Any CPU
	EndGlobalSection
	GlobalSection(SolutionProperties) = preSolution
		HideSolutionNode = FALSE
	EndGlobalSection
	GlobalSection(ExtensibilityGlobals) = postSolution
		SolutionGuid = {D962F6C1-71CF-4EBA-90E2-936311DA4E08}
	EndGlobalSection
EndGlobal
